
Microsoft Visual Studio Solution File, Format Version 12.00
# Visual Studio 15
VisualStudioVersion = 15.0.27428.2015
MinimumVisualStudioVersion = 10.0.40219.1
Project("{FAE04EC0-301F-11D3-BF4B-00C04F79EFBC}") = "AspNetIdentityDD1", "AspNetIdentityDD1\AspNetIdentityDD1.csproj", "{414E2BB5-B992-4121-8B02-D48B34BAB617}"
EndProject
Global
	GlobalSection(SolutionConfigurationPlatforms) = preSolution
		Debug|Any CPU = Debug|Any CPU
		Release|Any CPU = Release|Any CPU
	EndGlobalSection
	GlobalSection(ProjectConfigurationPlatforms) = postSolution
		{414E2BB5-B992-4121-8B02-D48B34BAB617}.Debug|Any CPU.ActiveCfg = Debug|Any CPU
		{414E2BB5-B992-4121-8B02-D48B34BAB617}.Debug|Any CPU.Build.0 = Debug|Any CPU
		{414E2BB5-B992-4121-8B02-D48B34BAB617}.Release|Any CPU.ActiveCfg = Release|Any CPU
		{414E2BB5-B992-4121-8B02-D48B34BAB617}.Release|Any CPU.Build.0 = Release|Any CPU
	EndGlobalSection
	GlobalSection(SolutionProperties) = preSolution
		HideSolutionNode = FALSE
	EndGlobalSection
	GlobalSection(ExtensibilityGlobals) = postSolution
		SolutionGuid = {1530CABC-D520-4FBC-9ECC-4BD493AEFA3F}
	EndGlobalSection
EndGlobal
